
Microsoft Visual Studio Solution File, Format Version 12.00
# Visual Studio Version 17
VisualStudioVersion = 17.10.35122.118
MinimumVisualStudioVersion = 10.0.40219.1
Project("{9A19103F-16F7-4668-BE54-9A1E7A4F7556}") = "Hotel_AdminPanel", "Hotel_AdminPanel\Hotel_AdminPanel.csproj", "{0104612B-1C6D-45C4-8D07-7DE8F35408B6}"
EndProject
Project("{9A19103F-16F7-4668-BE54-9A1E7A4F7556}") = "Hotel_AdminPanel.Domain", "Hotel_AdminPanel.Domain\Hotel_AdminPanel.Domain.csproj", "{CDD64BD4-3278-4EFF-848C-CE9C940420E3}"
EndProject
Project("{9A19103F-16F7-4668-BE54-9A1E7A4F7556}") = "Hotel_AdminPanel.Application", "Hotel_AdminPanel.Application\Hotel_AdminPanel.Application.csproj", "{7E6CAC8B-0F5A-44E9-9C74-C8D0AA712B81}"
EndProject
Project("{9A19103F-16F7-4668-BE54-9A1E7A4F7556}") = "Hotel_AdminPanel.Infrastructure", "Hotel_AdminPanel.Infrastructure\Hotel_AdminPanel.Infrastructure.csproj", "{FF59F142-E581-45D3-8C18-C2D618D55495}"
EndProject
Project("{2150E333-8FDC-42A3-9474-1A3956D46DE8}") = "src", "src", "{D9E4BE85-50E0-4645-975A-1EB0B9C8BC1F}"
EndProject
Global
	GlobalSection(SolutionConfigurationPlatforms) = preSolution
		Debug|Any CPU = Debug|Any CPU
		Release|Any CPU = Release|Any CPU
	EndGlobalSection
	GlobalSection(ProjectConfigurationPlatforms) = postSolution
		{0104612B-1C6D-45C4-8D07-7DE8F35408B6}.Debug|Any CPU.ActiveCfg = Debug|Any CPU
		{0104612B-1C6D-45C4-8D07-7DE8F35408B6}.Debug|Any CPU.Build.0 = Debug|Any CPU
		{0104612B-1C6D-45C4-8D07-7DE8F35408B6}.Release|Any CPU.ActiveCfg = Release|Any CPU
		{0104612B-1C6D-45C4-8D07-7DE8F35408B6}.Release|Any CPU.Build.0 = Release|Any CPU
		{CDD64BD4-3278-4EFF-848C-CE9C940420E3}.Debug|Any CPU.ActiveCfg = Debug|Any CPU
		{CDD64BD4-3278-4EFF-848C-CE9C940420E3}.Debug|Any CPU.Build.0 = Debug|Any CPU
		{CDD64BD4-3278-4EFF-848C-CE9C940420E3}.Release|Any CPU.ActiveCfg = Release|Any CPU
		{CDD64BD4-3278-4EFF-848C-CE9C940420E3}.Release|Any CPU.Build.0 = Release|Any CPU
		{7E6CAC8B-0F5A-44E9-9C74-C8D0AA712B81}.Debug|Any CPU.ActiveCfg = Debug|Any CPU
		{7E6CAC8B-0F5A-44E9-9C74-C8D0AA712B81}.Debug|Any CPU.Build.0 = Debug|Any CPU
		{7E6CAC8B-0F5A-44E9-9C74-C8D0AA712B81}.Release|Any CPU.ActiveCfg = Release|Any CPU
		{7E6CAC8B-0F5A-44E9-9C74-C8D0AA712B81}.Release|Any CPU.Build.0 = Release|Any CPU
		{FF59F142-E581-45D3-8C18-C2D618D55495}.Debug|Any CPU.ActiveCfg = Debug|Any CPU
		{FF59F142-E581-45D3-8C18-C2D618D55495}.Debug|Any CPU.Build.0 = Debug|Any CPU
		{FF59F142-E581-45D3-8C18-C2D618D55495}.Release|Any CPU.ActiveCfg = Release|Any CPU
		{FF59F142-E581-45D3-8C18-C2D618D55495}.Release|Any CPU.Build.0 = Release|Any CPU
	EndGlobalSection
	GlobalSection(SolutionProperties) = preSolution
		HideSolutionNode = FALSE
	EndGlobalSection
	GlobalSection(NestedProjects) = preSolution
		{0104612B-1C6D-45C4-8D07-7DE8F35408B6} = {D9E4BE85-50E0-4645-975A-1EB0B9C8BC1F}
		{CDD64BD4-3278-4EFF-848C-CE9C940420E3} = {D9E4BE85-50E0-4645-975A-1EB0B9C8BC1F}
		{7E6CAC8B-0F5A-44E9-9C74-C8D0AA712B81} = {D9E4BE85-50E0-4645-975A-1EB0B9C8BC1F}
		{FF59F142-E581-45D3-8C18-C2D618D55495} = {D9E4BE85-50E0-4645-975A-1EB0B9C8BC1F}
	EndGlobalSection
	GlobalSection(ExtensibilityGlobals) = postSolution
		SolutionGuid = {DBB9AB55-6FE2-4A92-A93E-407CBFCD470E}
	EndGlobalSection
EndGlobal
